
Microsoft Visual Studio Solution File, Format Version 12.00
# Visual Studio 15
Project("{FAE04EC0-301F-11D3-BF4B-00C04F79EFBC}") = "Assembly-CSharp", "Assembly-CSharp.csproj", "{3FE0A2C7-7CF7-35FF-A75E-030261B80BD4}"
EndProject
Project("{FAE04EC0-301F-11D3-BF4B-00C04F79EFBC}") = "ExternalAttributes.Editor", "ExternalAttributes.Editor.csproj", "{A2ADE643-0F44-118B-8B90-B2FF21C590F6}"
EndProject
Project("{FAE04EC0-301F-11D3-BF4B-00C04F79EFBC}") = "ExternalAttributes.Core", "ExternalAttributes.Core.csproj", "{35295374-08D1-0367-215C-AD75CF859EDC}"
EndProject
Project("{FAE04EC0-301F-11D3-BF4B-00C04F79EFBC}") = "Assembly-CSharp-Editor", "Assembly-CSharp-Editor.csproj", "{C993F35C-BE3D-B56A-AA81-0B627EC9D54B}"
EndProject
Project("{FAE04EC0-301F-11D3-BF4B-00C04F79EFBC}") = "PathCreatorEditor", "PathCreatorEditor.csproj", "{1E6A8868-2AC3-CA35-AC8C-31680B734E85}"
EndProject
Project("{FAE04EC0-301F-11D3-BF4B-00C04F79EFBC}") = "PathCreator", "PathCreator.csproj", "{D8C7D0EF-2028-E4A4-B3E9-F0162961525D}"
EndProject
Global
	GlobalSection(SolutionConfigurationPlatforms) = preSolution
		Debug|Any CPU = Debug|Any CPU
		Release|Any CPU = Release|Any CPU
	EndGlobalSection
	GlobalSection(ProjectConfigurationPlatforms) = postSolution
		{3FE0A2C7-7CF7-35FF-A75E-030261B80BD4}.Debug|Any CPU.ActiveCfg = Debug|Any CPU
		{3FE0A2C7-7CF7-35FF-A75E-030261B80BD4}.Debug|Any CPU.Build.0 = Debug|Any CPU
		{3FE0A2C7-7CF7-35FF-A75E-030261B80BD4}.Release|Any CPU.ActiveCfg = Release|Any CPU
		{3FE0A2C7-7CF7-35FF-A75E-030261B80BD4}.Release|Any CPU.Build.0 = Release|Any CPU
		{A2ADE643-0F44-118B-8B90-B2FF21C590F6}.Debug|Any CPU.ActiveCfg = Debug|Any CPU
		{A2ADE643-0F44-118B-8B90-B2FF21C590F6}.Debug|Any CPU.Build.0 = Debug|Any CPU
		{A2ADE643-0F44-118B-8B90-B2FF21C590F6}.Release|Any CPU.ActiveCfg = Release|Any CPU
		{A2ADE643-0F44-118B-8B90-B2FF21C590F6}.Release|Any CPU.Build.0 = Release|Any CPU
		{35295374-08D1-0367-215C-AD75CF859EDC}.Debug|Any CPU.ActiveCfg = Debug|Any CPU
		{35295374-08D1-0367-215C-AD75CF859EDC}.Debug|Any CPU.Build.0 = Debug|Any CPU
		{35295374-08D1-0367-215C-AD75CF859EDC}.Release|Any CPU.ActiveCfg = Release|Any CPU
		{35295374-08D1-0367-215C-AD75CF859EDC}.Release|Any CPU.Build.0 = Release|Any CPU
		{C993F35C-BE3D-B56A-AA81-0B627EC9D54B}.Debug|Any CPU.ActiveCfg = Debug|Any CPU
		{C993F35C-BE3D-B56A-AA81-0B627EC9D54B}.Debug|Any CPU.Build.0 = Debug|Any CPU
		{C993F35C-BE3D-B56A-AA81-0B627EC9D54B}.Release|Any CPU.ActiveCfg = Release|Any CPU
		{C993F35C-BE3D-B56A-AA81-0B627EC9D54B}.Release|Any CPU.Build.0 = Release|Any CPU
		{1E6A8868-2AC3-CA35-AC8C-31680B734E85}.Debug|Any CPU.ActiveCfg = Debug|Any CPU
		{1E6A8868-2AC3-CA35-AC8C-31680B734E85}.Debug|Any CPU.Build.0 = Debug|Any CPU
		{1E6A8868-2AC3-CA35-AC8C-31680B734E85}.Release|Any CPU.ActiveCfg = Release|Any CPU
		{1E6A8868-2AC3-CA35-AC8C-31680B734E85}.Release|Any CPU.Build.0 = Release|Any CPU
		{D8C7D0EF-2028-E4A4-B3E9-F0162961525D}.Debug|Any CPU.ActiveCfg = Debug|Any CPU
		{D8C7D0EF-2028-E4A4-B3E9-F0162961525D}.Debug|Any CPU.Build.0 = Debug|Any CPU
		{D8C7D0EF-2028-E4A4-B3E9-F0162961525D}.Release|Any CPU.ActiveCfg = Release|Any CPU
		{D8C7D0EF-2028-E4A4-B3E9-F0162961525D}.Release|Any CPU.Build.0 = Release|Any CPU
	EndGlobalSection
	GlobalSection(SolutionProperties) = preSolution
		HideSolutionNode = FALSE
	EndGlobalSection
EndGlobal
