
Microsoft Visual Studio Solution File, Format Version 12.00
# Visual Studio 15
Project("{FAE04EC0-301F-11D3-BF4B-00C04F79EFBC}") = "ExternalAttributes.Editor", "ExternalAttributes.Editor.csproj", "{C38F5E8A-C168-739F-6013-FF3F78778224}"
EndProject
Project("{FAE04EC0-301F-11D3-BF4B-00C04F79EFBC}") = "Assembly-CSharp", "Assembly-CSharp.csproj", "{DD367F83-F9E2-01EA-344C-92907FD702B4}"
EndProject
Project("{FAE04EC0-301F-11D3-BF4B-00C04F79EFBC}") = "Assembly-CSharp-Editor", "Assembly-CSharp-Editor.csproj", "{7D355EFC-7841-CD29-39A8-FDB0FDC2B9F1}"
EndProject
Project("{FAE04EC0-301F-11D3-BF4B-00C04F79EFBC}") = "ExternalAttributes.Core", "ExternalAttributes.Core.csproj", "{B21DEB69-DFC2-6B91-B472-4746A9B43DE9}"
EndProject
Global
	GlobalSection(SolutionConfigurationPlatforms) = preSolution
		Debug|Any CPU = Debug|Any CPU
		Release|Any CPU = Release|Any CPU
	EndGlobalSection
	GlobalSection(ProjectConfigurationPlatforms) = postSolution
		{C38F5E8A-C168-739F-6013-FF3F78778224}.Debug|Any CPU.ActiveCfg = Debug|Any CPU
		{C38F5E8A-C168-739F-6013-FF3F78778224}.Debug|Any CPU.Build.0 = Debug|Any CPU
		{C38F5E8A-C168-739F-6013-FF3F78778224}.Release|Any CPU.ActiveCfg = Release|Any CPU
		{C38F5E8A-C168-739F-6013-FF3F78778224}.Release|Any CPU.Build.0 = Release|Any CPU
		{DD367F83-F9E2-01EA-344C-92907FD702B4}.Debug|Any CPU.ActiveCfg = Debug|Any CPU
		{DD367F83-F9E2-01EA-344C-92907FD702B4}.Debug|Any CPU.Build.0 = Debug|Any CPU
		{DD367F83-F9E2-01EA-344C-92907FD702B4}.Release|Any CPU.ActiveCfg = Release|Any CPU
		{DD367F83-F9E2-01EA-344C-92907FD702B4}.Release|Any CPU.Build.0 = Release|Any CPU
		{7D355EFC-7841-CD29-39A8-FDB0FDC2B9F1}.Debug|Any CPU.ActiveCfg = Debug|Any CPU
		{7D355EFC-7841-CD29-39A8-FDB0FDC2B9F1}.Debug|Any CPU.Build.0 = Debug|Any CPU
		{7D355EFC-7841-CD29-39A8-FDB0FDC2B9F1}.Release|Any CPU.ActiveCfg = Release|Any CPU
		{7D355EFC-7841-CD29-39A8-FDB0FDC2B9F1}.Release|Any CPU.Build.0 = Release|Any CPU
		{B21DEB69-DFC2-6B91-B472-4746A9B43DE9}.Debug|Any CPU.ActiveCfg = Debug|Any CPU
		{B21DEB69-DFC2-6B91-B472-4746A9B43DE9}.Debug|Any CPU.Build.0 = Debug|Any CPU
		{B21DEB69-DFC2-6B91-B472-4746A9B43DE9}.Release|Any CPU.ActiveCfg = Release|Any CPU
		{B21DEB69-DFC2-6B91-B472-4746A9B43DE9}.Release|Any CPU.Build.0 = Release|Any CPU
	EndGlobalSection
	GlobalSection(SolutionProperties) = preSolution
		HideSolutionNode = FALSE
	EndGlobalSection
EndGlobal
