
Microsoft Visual Studio Solution File, Format Version 12.00
# Visual Studio 15
Project("{FAE04EC0-301F-11D3-BF4B-00C04F79EFBC}") = "Assembly-CSharp", "Assembly-CSharp.csproj", "{D4856892-02F1-7053-67B8-BC382904404C}"
EndProject
Project("{FAE04EC0-301F-11D3-BF4B-00C04F79EFBC}") = "ExternalAttributes.Editor", "ExternalAttributes.Editor.csproj", "{34BA5E41-0F07-27D1-9EB4-E0B2B5EE5EA8}"
EndProject
Project("{FAE04EC0-301F-11D3-BF4B-00C04F79EFBC}") = "ExternalAttributes.Core", "ExternalAttributes.Core.csproj", "{9A3D2127-A0AC-6495-DEE6-905E641F7547}"
EndProject
Project("{FAE04EC0-301F-11D3-BF4B-00C04F79EFBC}") = "Assembly-CSharp-Editor", "Assembly-CSharp-Editor.csproj", "{64C43CAE-4FD3-A408-74C6-8D49D0DA210C}"
EndProject
Project("{FAE04EC0-301F-11D3-BF4B-00C04F79EFBC}") = "PathCreatorEditor", "PathCreatorEditor.csproj", "{BAFFD1EA-4123-D315-8C85-82773BA8CB08}"
EndProject
Project("{FAE04EC0-301F-11D3-BF4B-00C04F79EFBC}") = "PathCreator", "PathCreator.csproj", "{AC40A1B1-DE1D-735D-2CE7-BCFE07511557}"
EndProject
Global
	GlobalSection(SolutionConfigurationPlatforms) = preSolution
		Debug|Any CPU = Debug|Any CPU
		Release|Any CPU = Release|Any CPU
	EndGlobalSection
	GlobalSection(ProjectConfigurationPlatforms) = postSolution
		{D4856892-02F1-7053-67B8-BC382904404C}.Debug|Any CPU.ActiveCfg = Debug|Any CPU
		{D4856892-02F1-7053-67B8-BC382904404C}.Debug|Any CPU.Build.0 = Debug|Any CPU
		{D4856892-02F1-7053-67B8-BC382904404C}.Release|Any CPU.ActiveCfg = Release|Any CPU
		{D4856892-02F1-7053-67B8-BC382904404C}.Release|Any CPU.Build.0 = Release|Any CPU
		{34BA5E41-0F07-27D1-9EB4-E0B2B5EE5EA8}.Debug|Any CPU.ActiveCfg = Debug|Any CPU
		{34BA5E41-0F07-27D1-9EB4-E0B2B5EE5EA8}.Debug|Any CPU.Build.0 = Debug|Any CPU
		{34BA5E41-0F07-27D1-9EB4-E0B2B5EE5EA8}.Release|Any CPU.ActiveCfg = Release|Any CPU
		{34BA5E41-0F07-27D1-9EB4-E0B2B5EE5EA8}.Release|Any CPU.Build.0 = Release|Any CPU
		{9A3D2127-A0AC-6495-DEE6-905E641F7547}.Debug|Any CPU.ActiveCfg = Debug|Any CPU
		{9A3D2127-A0AC-6495-DEE6-905E641F7547}.Debug|Any CPU.Build.0 = Debug|Any CPU
		{9A3D2127-A0AC-6495-DEE6-905E641F7547}.Release|Any CPU.ActiveCfg = Release|Any CPU
		{9A3D2127-A0AC-6495-DEE6-905E641F7547}.Release|Any CPU.Build.0 = Release|Any CPU
		{64C43CAE-4FD3-A408-74C6-8D49D0DA210C}.Debug|Any CPU.ActiveCfg = Debug|Any CPU
		{64C43CAE-4FD3-A408-74C6-8D49D0DA210C}.Debug|Any CPU.Build.0 = Debug|Any CPU
		{64C43CAE-4FD3-A408-74C6-8D49D0DA210C}.Release|Any CPU.ActiveCfg = Release|Any CPU
		{64C43CAE-4FD3-A408-74C6-8D49D0DA210C}.Release|Any CPU.Build.0 = Release|Any CPU
		{BAFFD1EA-4123-D315-8C85-82773BA8CB08}.Debug|Any CPU.ActiveCfg = Debug|Any CPU
		{BAFFD1EA-4123-D315-8C85-82773BA8CB08}.Debug|Any CPU.Build.0 = Debug|Any CPU
		{BAFFD1EA-4123-D315-8C85-82773BA8CB08}.Release|Any CPU.ActiveCfg = Release|Any CPU
		{BAFFD1EA-4123-D315-8C85-82773BA8CB08}.Release|Any CPU.Build.0 = Release|Any CPU
		{AC40A1B1-DE1D-735D-2CE7-BCFE07511557}.Debug|Any CPU.ActiveCfg = Debug|Any CPU
		{AC40A1B1-DE1D-735D-2CE7-BCFE07511557}.Debug|Any CPU.Build.0 = Debug|Any CPU
		{AC40A1B1-DE1D-735D-2CE7-BCFE07511557}.Release|Any CPU.ActiveCfg = Release|Any CPU
		{AC40A1B1-DE1D-735D-2CE7-BCFE07511557}.Release|Any CPU.Build.0 = Release|Any CPU
	EndGlobalSection
	GlobalSection(SolutionProperties) = preSolution
		HideSolutionNode = FALSE
	EndGlobalSection
EndGlobal
